// !$*UTF8*$!
{
	archiveVersion = 1;
	classes = {
	};
	objectVersion = 46;
	objects = {

/* Begin PBXBuildFile section */
		0CEE282F13F0A12B008D221A /* UIKit.framework in Frameworks */ = {isa = PBXBuildFile; fileRef = 0CEE282E13F0A12B008D221A /* UIKit.framework */; };
		0CEE283113F0A12B008D221A /* Foundation.framework in Frameworks */ = {isa = PBXBuildFile; fileRef = 0CEE283013F0A12B008D221A /* Foundation.framework */; };
		0CEE283313F0A12B008D221A /* CoreGraphics.framework in Frameworks */ = {isa = PBXBuildFile; fileRef = 0CEE283213F0A12B008D221A /* CoreGraphics.framework */; };
		0CEE283913F0A12B008D221A /* InfoPlist.strings in Resources */ = {isa = PBXBuildFile; fileRef = 0CEE283713F0A12B008D221A /* InfoPlist.strings */; };
		0CEE283C13F0A12B008D221A /* main.m in Sources */ = {isa = PBXBuildFile; fileRef = 0CEE283B13F0A12B008D221A /* main.m */; };
		0CEE283F13F0A12B008D221A /* HarteNachtAppDelegate.m in Sources */ = {isa = PBXBuildFile; fileRef = 0CEE283E13F0A12B008D221A /* HarteNachtAppDelegate.m */; };
		0CEE284213F0A12B008D221A /* MainWindow.xib in Resources */ = {isa = PBXBuildFile; fileRef = 0CEE284013F0A12B008D221A /* MainWindow.xib */; };
		0CEE284513F0A12B008D221A /* FirstViewController.m in Sources */ = {isa = PBXBuildFile; fileRef = 0CEE284413F0A12B008D221A /* FirstViewController.m */; };
		0CEE284813F0A12B008D221A /* SecondViewController.m in Sources */ = {isa = PBXBuildFile; fileRef = 0CEE284713F0A12B008D221A /* SecondViewController.m */; };
		0CEE284B13F0A12B008D221A /* FirstView.xib in Resources */ = {isa = PBXBuildFile; fileRef = 0CEE284913F0A12B008D221A /* FirstView.xib */; };
		0CEE284E13F0A12B008D221A /* SecondView.xib in Resources */ = {isa = PBXBuildFile; fileRef = 0CEE284C13F0A12B008D221A /* SecondView.xib */; };
/* End PBXBuildFile section */

/* Begin PBXFileReference section */
		0CEE282A13F0A12B008D221A /* HarteNacht.app */ = {isa = PBXFileReference; explicitFileType = wrapper.application; includeInIndex = 0; path = HarteNacht.app; sourceTree = BUILT_PRODUCTS_DIR; };
		0CEE282E13F0A12B008D221A /* UIKit.framework */ = {isa = PBXFileReference; lastKnownFileType = wrapper.framework; name = UIKit.framework; path = System/Library/Frameworks/UIKit.framework; sourceTree = SDKROOT; };
		0CEE283013F0A12B008D221A /* Foundation.framework */ = {isa = PBXFileReference; lastKnownFileType = wrapper.framework; name = Foundation.framework; path = System/Library/Frameworks/Foundation.framework; sourceTree = SDKROOT; };
		0CEE283213F0A12B008D221A /* CoreGraphics.framework */ = {isa = PBXFileReference; lastKnownFileType = wrapper.framework; name = CoreGraphics.framework; path = System/Library/Frameworks/CoreGraphics.framework; sourceTree = SDKROOT; };
		0CEE283613F0A12B008D221A /* HarteNacht-Info.plist */ = {isa = PBXFileReference; lastKnownFileType = text.plist.xml; path = "HarteNacht-Info.plist"; sourceTree = "<group>"; };
		0CEE283813F0A12B008D221A /* en */ = {isa = PBXFileReference; lastKnownFileType = text.plist.strings; name = en; path = en.lproj/InfoPlist.strings; sourceTree = "<group>"; };
		0CEE283A13F0A12B008D221A /* HarteNacht-Prefix.pch */ = {isa = PBXFileReference; lastKnownFileType = sourcecode.c.h; path = "HarteNacht-Prefix.pch"; sourceTree = "<group>"; };
		0CEE283B13F0A12B008D221A /* main.m */ = {isa = PBXFileReference; lastKnownFileType = sourcecode.c.objc; path = main.m; sourceTree = "<group>"; };
		0CEE283D13F0A12B008D221A /* HarteNachtAppDelegate.h */ = {isa = PBXFileReference; lastKnownFileType = sourcecode.c.h; path = HarteNachtAppDelegate.h; sourceTree = "<group>"; };
		0CEE283E13F0A12B008D221A /* HarteNachtAppDelegate.m */ = {isa = PBXFileReference; lastKnownFileType = sourcecode.c.objc; path = HarteNachtAppDelegate.m; sourceTree = "<group>"; };
		0CEE284113F0A12B008D221A /* en */ = {isa = PBXFileReference; lastKnownFileType = file.xib; name = en; path = en.lproj/MainWindow.xib; sourceTree = "<group>"; };
		0CEE284313F0A12B008D221A /* FirstViewController.h */ = {isa = PBXFileReference; lastKnownFileType = sourcecode.c.h; path = FirstViewController.h; sourceTree = "<group>"; };
		0CEE284413F0A12B008D221A /* FirstViewController.m */ = {isa = PBXFileReference; lastKnownFileType = sourcecode.c.objc; path = FirstViewController.m; sourceTree = "<group>"; };
		0CEE284613F0A12B008D221A /* SecondViewController.h */ = {isa = PBXFileReference; lastKnownFileType = sourcecode.c.h; path = SecondViewController.h; sourceTree = "<group>"; };
		0CEE284713F0A12B008D221A /* SecondViewController.m */ = {isa = PBXFileReference; lastKnownFileType = sourcecode.c.objc; path = SecondViewController.m; sourceTree = "<group>"; };
		0CEE284A13F0A12B008D221A /* en */ = {isa = PBXFileReference; lastKnownFileType = file.xib; name = en; path = en.lproj/FirstView.xib; sourceTree = "<group>"; };
		0CEE284D13F0A12B008D221A /* en */ = {isa = PBXFileReference; lastKnownFileType = file.xib; name = en; path = en.lproj/SecondView.xib; sourceTree = "<group>"; };
/* End PBXFileReference section */

/* Begin PBXFrameworksBuildPhase section */
		0CEE282713F0A12B008D221A /* Frameworks */ = {
			isa = PBXFrameworksBuildPhase;
			buildActionMask = 2147483647;
			files = (
				0CEE282F13F0A12B008D221A /* UIKit.framework in Frameworks */,
				0CEE283113F0A12B008D221A /* Foundation.framework in Frameworks */,
				0CEE283313F0A12B008D221A /* CoreGraphics.framework in Frameworks */,
			);
			runOnlyForDeploymentPostprocessing = 0;
		};
/* End PBXFrameworksBuildPhase section */

/* Begin PBXGroup section */
		0CEE281F13F0A12B008D221A = {
			isa = PBXGroup;
			children = (
				0CEE283413F0A12B008D221A /* HarteNacht */,
				0CEE282D13F0A12B008D221A /* Frameworks */,
				0CEE282B13F0A12B008D221A /* Products */,
			);
			sourceTree = "<group>";
		};
		0CEE282B13F0A12B008D221A /* Products */ = {
			isa = PBXGroup;
			children = (
				0CEE282A13F0A12B008D221A /* HarteNacht.app */,
			);
			name = Products;
			sourceTree = "<group>";
		};
		0CEE282D13F0A12B008D221A /* Frameworks */ = {
			isa = PBXGroup;
			children = (
				0CEE282E13F0A12B008D221A /* UIKit.framework */,
				0CEE283013F0A12B008D221A /* Foundation.framework */,
				0CEE283213F0A12B008D221A /* CoreGraphics.framework */,
			);
			name = Frameworks;
			sourceTree = "<group>";
		};
		0CEE283413F0A12B008D221A /* HarteNacht */ = {
			isa = PBXGroup;
			children = (
				0CEE283D13F0A12B008D221A /* HarteNachtAppDelegate.h */,
				0CEE283E13F0A12B008D221A /* HarteNachtAppDelegate.m */,
				0CEE284013F0A12B008D221A /* MainWindow.xib */,
				0CEE284313F0A12B008D221A /* FirstViewController.h */,
				0CEE284413F0A12B008D221A /* FirstViewController.m */,
				0CEE284613F0A12B008D221A /* SecondViewController.h */,
				0CEE284713F0A12B008D221A /* SecondViewController.m */,
				0CEE284913F0A12B008D221A /* FirstView.xib */,
				0CEE284C13F0A12B008D221A /* SecondView.xib */,
				0CEE283513F0A12B008D221A /* Supporting Files */,
			);
			path = HarteNacht;
			sourceTree = "<group>";
		};
		0CEE283513F0A12B008D221A /* Supporting Files */ = {
			isa = PBXGroup;
			children = (
				0CEE283613F0A12B008D221A /* HarteNacht-Info.plist */,
				0CEE283713F0A12B008D221A /* InfoPlist.strings */,
				0CEE283A13F0A12B008D221A /* HarteNacht-Prefix.pch */,
				0CEE283B13F0A12B008D221A /* main.m */,
			);
			name = "Supporting Files";
			sourceTree = "<group>";
		};
/* End PBXGroup section */

/* Begin PBXNativeTarget section */
		0CEE282913F0A12B008D221A /* HarteNacht */ = {
			isa = PBXNativeTarget;
			buildConfigurationList = 0CEE285113F0A12B008D221A /* Build configuration list for PBXNativeTarget "HarteNacht" */;
			buildPhases = (
				0CEE282613F0A12B008D221A /* Sources */,
				0CEE282713F0A12B008D221A /* Frameworks */,
				0CEE282813F0A12B008D221A /* Resources */,
			);
			buildRules = (
			);
			dependencies = (
			);
			name = HarteNacht;
			productName = HarteNacht;
			productReference = 0CEE282A13F0A12B008D221A /* HarteNacht.app */;
			productType = "com.apple.product-type.application";
		};
/* End PBXNativeTarget section */

/* Begin PBXProject section */
		0CEE282113F0A12B008D221A /* Project object */ = {
			isa = PBXProject;
			buildConfigurationList = 0CEE282413F0A12B008D221A /* Build configuration list for PBXProject "HarteNacht" */;
			compatibilityVersion = "Xcode 3.2";
			developmentRegion = English;
			hasScannedForEncodings = 0;
			knownRegions = (
				en,
			);
			mainGroup = 0CEE281F13F0A12B008D221A;
			productRefGroup = 0CEE282B13F0A12B008D221A /* Products */;
			projectDirPath = "";
			projectRoot = "";
			targets = (
				0CEE282913F0A12B008D221A /* HarteNacht */,
			);
		};
/* End PBXProject section */

/* Begin PBXResourcesBuildPhase section */
		0CEE282813F0A12B008D221A /* Resources */ = {
			isa = PBXResourcesBuildPhase;
			buildActionMask = 2147483647;
			files = (
				0CEE283913F0A12B008D221A /* InfoPlist.strings in Resources */,
				0CEE284213F0A12B008D221A /* MainWindow.xib in Resources */,
				0CEE284B13F0A12B008D221A /* FirstView.xib in Resources */,
				0CEE284E13F0A12B008D221A /* SecondView.xib in Resources */,
			);
			runOnlyForDeploymentPostprocessing = 0;
		};
/* End PBXResourcesBuildPhase section */

/* Begin PBXSourcesBuildPhase section */
		0CEE282613F0A12B008D221A /* Sources */ = {
			isa = PBXSourcesBuildPhase;
			buildActionMask = 2147483647;
			files = (
				0CEE283C13F0A12B008D221A /* main.m in Sources */,
				0CEE283F13F0A12B008D221A /* HarteNachtAppDelegate.m in Sources */,
				0CEE284513F0A12B008D221A /* FirstViewController.m in Sources */,
				0CEE284813F0A12B008D221A /* SecondViewController.m in Sources */,
			);
			runOnlyForDeploymentPostprocessing = 0;
		};
/* End PBXSourcesBuildPhase section */

/* Begin PBXVariantGroup section */
		0CEE283713F0A12B008D221A /* InfoPlist.strings */ = {
			isa = PBXVariantGroup;
			children = (
				0CEE283813F0A12B008D221A /* en */,
			);
			name = InfoPlist.strings;
			sourceTree = "<group>";
		};
		0CEE284013F0A12B008D221A /* MainWindow.xib */ = {
			isa = PBXVariantGroup;
			children = (
				0CEE284113F0A12B008D221A /* en */,
			);
			name = MainWindow.xib;
			sourceTree = "<group>";
		};
		0CEE284913F0A12B008D221A /* FirstView.xib */ = {
			isa = PBXVariantGroup;
			children = (
				0CEE284A13F0A12B008D221A /* en */,
			);
			name = FirstView.xib;
			sourceTree = "<group>";
		};
		0CEE284C13F0A12B008D221A /* SecondView.xib */ = {
			isa = PBXVariantGroup;
			children = (
				0CEE284D13F0A12B008D221A /* en */,
			);
			name = SecondView.xib;
			sourceTree = "<group>";
		};
/* End PBXVariantGroup section */

/* Begin XCBuildConfiguration section */
		0CEE284F13F0A12B008D221A /* Debug */ = {
			isa = XCBuildConfiguration;
			buildSettings = {
				ARCHS = "$(ARCHS_STANDARD_32_BIT)";
				"CODE_SIGN_IDENTITY[sdk=iphoneos*]" = "iPhone Developer";
				GCC_C_LANGUAGE_STANDARD = gnu99;
				GCC_OPTIMIZATION_LEVEL = 0;
				GCC_PREPROCESSOR_DEFINITIONS = DEBUG;
				GCC_SYMBOLS_PRIVATE_EXTERN = NO;
				GCC_VERSION = com.apple.compilers.llvmgcc42;
				GCC_WARN_ABOUT_RETURN_TYPE = YES;
				GCC_WARN_UNUSED_VARIABLE = YES;
				IPHONEOS_DEPLOYMENT_TARGET = 4.3;
				SDKROOT = iphoneos;
			};
			name = Debug;
		};
		0CEE285013F0A12B008D221A /* Release */ = {
			isa = XCBuildConfiguration;
			buildSettings = {
				ARCHS = "$(ARCHS_STANDARD_32_BIT)";
				"CODE_SIGN_IDENTITY[sdk=iphoneos*]" = "iPhone Developer";
				GCC_C_LANGUAGE_STANDARD = gnu99;
				GCC_VERSION = com.apple.compilers.llvmgcc42;
				GCC_WARN_ABOUT_RETURN_TYPE = YES;
				GCC_WARN_UNUSED_VARIABLE = YES;
				IPHONEOS_DEPLOYMENT_TARGET = 4.3;
				OTHER_CFLAGS = "-DNS_BLOCK_ASSERTIONS=1";
				SDKROOT = iphoneos;
			};
			name = Release;
		};
		0CEE285213F0A12B008D221A /* Debug */ = {
			isa = XCBuildConfiguration;
			buildSettings = {
				ALWAYS_SEARCH_USER_PATHS = NO;
				"CODE_SIGN_IDENTITY[sdk=iphoneos*]" = "iPhone Developer";
				COPY_PHASE_STRIP = NO;
				GCC_DYNAMIC_NO_PIC = NO;
				GCC_PRECOMPILE_PREFIX_HEADER = YES;
				GCC_PREFIX_HEADER = "HarteNacht/HarteNacht-Prefix.pch";
				INFOPLIST_FILE = "HarteNacht/HarteNacht-Info.plist";
				PRODUCT_NAME = "$(TARGET_NAME)";
				"PROVISIONING_PROFILE[sdk=iphoneos*]" = "";
				SDKROOT = iphoneos4.3;
				WRAPPER_EXTENSION = app;
			};
			name = Debug;
		};
		0CEE285313F0A12B008D221A /* Release */ = {
			isa = XCBuildConfiguration;
			buildSettings = {
				ALWAYS_SEARCH_USER_PATHS = NO;
				"CODE_SIGN_IDENTITY[sdk=iphoneos*]" = "iPhone Developer";
				COPY_PHASE_STRIP = YES;
				GCC_PRECOMPILE_PREFIX_HEADER = YES;
				GCC_PREFIX_HEADER = "HarteNacht/HarteNacht-Prefix.pch";
				INFOPLIST_FILE = "HarteNacht/HarteNacht-Info.plist";
				PRODUCT_NAME = "$(TARGET_NAME)";
				"PROVISIONING_PROFILE[sdk=iphoneos*]" = "";
				SDKROOT = iphoneos4.3;
				VALIDATE_PRODUCT = YES;
				WRAPPER_EXTENSION = app;
			};
			name = Release;
		};
/* End XCBuildConfiguration section */

/* Begin XCConfigurationList section */
		0CEE282413F0A12B008D221A /* Build configuration list for PBXProject "HarteNacht" */ = {
			isa = XCConfigurationList;
			buildConfigurations = (
				0CEE284F13F0A12B008D221A /* Debug */,
				0CEE285013F0A12B008D221A /* Release */,
			);
			defaultConfigurationIsVisible = 0;
			defaultConfigurationName = Release;
		};
		0CEE285113F0A12B008D221A /* Build configuration list for PBXNativeTarget "HarteNacht" */ = {
			isa = XCConfigurationList;
			buildConfigurations = (
				0CEE285213F0A12B008D221A /* Debug */,
				0CEE285313F0A12B008D221A /* Release */,
			);
			defaultConfigurationIsVisible = 0;
			defaultConfigurationName = Release;
		};
/* End XCConfigurationList section */
	};
	rootObject = 0CEE282113F0A12B008D221A /* Project object */;
}
